
Microsoft Visual Studio Solution File, Format Version 12.00
# Visual Studio Version 16
VisualStudioVersion = 16.0.29926.136
MinimumVisualStudioVersion = 10.0.40219.1
Project("{FAE04EC0-301F-11D3-BF4B-00C04F79EFBC}") = "18_csharp_dialogy", "18_csharp_dialogy\18_csharp_dialogy.csproj", "{C93081BD-CBDF-40C3-A2FF-1479DA08AEE8}"
EndProject
Global
	GlobalSection(SolutionConfigurationPlatforms) = preSolution
		Debug|Any CPU = Debug|Any CPU
		Release|Any CPU = Release|Any CPU
	EndGlobalSection
	GlobalSection(ProjectConfigurationPlatforms) = postSolution
		{C93081BD-CBDF-40C3-A2FF-1479DA08AEE8}.Debug|Any CPU.ActiveCfg = Debug|Any CPU
		{C93081BD-CBDF-40C3-A2FF-1479DA08AEE8}.Debug|Any CPU.Build.0 = Debug|Any CPU
		{C93081BD-CBDF-40C3-A2FF-1479DA08AEE8}.Release|Any CPU.ActiveCfg = Release|Any CPU
		{C93081BD-CBDF-40C3-A2FF-1479DA08AEE8}.Release|Any CPU.Build.0 = Release|Any CPU
	EndGlobalSection
	GlobalSection(SolutionProperties) = preSolution
		HideSolutionNode = FALSE
	EndGlobalSection
	GlobalSection(ExtensibilityGlobals) = postSolution
		SolutionGuid = {21D93417-B67E-4E56-9AD3-58779F47BBF3}
	EndGlobalSection
EndGlobal
